// !$*UTF8*$!
{
	archiveVersion = 1;
	classes = {
	};
	objectVersion = 55;
	objects = {

/* Begin PBXBuildFile section */
		797BE14F28C3E5D2005C6E1F /* MaiaVintageDemoApp.swift in Sources */ = {isa = PBXBuildFile; fileRef = 797BE14E28C3E5D2005C6E1F /* MaiaVintageDemoApp.swift */; };
		797BE15128C3E5D2005C6E1F /* ContentView.swift in Sources */ = {isa = PBXBuildFile; fileRef = 797BE15028C3E5D2005C6E1F /* ContentView.swift */; };
		797BE15328C3E5DD005C6E1F /* Assets.xcassets in Resources */ = {isa = PBXBuildFile; fileRef = 797BE15228C3E5DD005C6E1F /* Assets.xcassets */; };
		797BE15628C3E5DD005C6E1F /* Preview Assets.xcassets in Resources */ = {isa = PBXBuildFile; fileRef = 797BE15528C3E5DD005C6E1F /* Preview Assets.xcassets */; };
		797BE15E28C3EA58005C6E1F /* Product.swift in Sources */ = {isa = PBXBuildFile; fileRef = 797BE15D28C3EA58005C6E1F /* Product.swift */; };
		797BE16128C3EBFB005C6E1F /* ProductCard.swift in Sources */ = {isa = PBXBuildFile; fileRef = 797BE16028C3EBFB005C6E1F /* ProductCard.swift */; };
		797BE16428C3FF90005C6E1F /* CartButton.swift in Sources */ = {isa = PBXBuildFile; fileRef = 797BE16328C3FF90005C6E1F /* CartButton.swift */; };
		797BE16628C40A46005C6E1F /* CartView.swift in Sources */ = {isa = PBXBuildFile; fileRef = 797BE16528C40A46005C6E1F /* CartView.swift */; };
		797BE16828C40C92005C6E1F /* CartManager.swift in Sources */ = {isa = PBXBuildFile; fileRef = 797BE16728C40C92005C6E1F /* CartManager.swift */; };
		797BE16A28C41146005C6E1F /* ProductRow.swift in Sources */ = {isa = PBXBuildFile; fileRef = 797BE16928C41146005C6E1F /* ProductRow.swift */; };
		797BE16C28C41967005C6E1F /* PaymentButton.swift in Sources */ = {isa = PBXBuildFile; fileRef = 797BE16B28C41967005C6E1F /* PaymentButton.swift */; };
		797BE16E28C428C0005C6E1F /* PaymentHandler.swift in Sources */ = {isa = PBXBuildFile; fileRef = 797BE16D28C428C0005C6E1F /* PaymentHandler.swift */; };
/* End PBXBuildFile section */

/* Begin PBXFileReference section */
		797BE14B28C3E5D2005C6E1F /* MaiaVintageDemo.app */ = {isa = PBXFileReference; explicitFileType = wrapper.application; includeInIndex = 0; path = MaiaVintageDemo.app; sourceTree = BUILT_PRODUCTS_DIR; };
		797BE14E28C3E5D2005C6E1F /* MaiaVintageDemoApp.swift */ = {isa = PBXFileReference; lastKnownFileType = sourcecode.swift; path = MaiaVintageDemoApp.swift; sourceTree = "<group>"; };
		797BE15028C3E5D2005C6E1F /* ContentView.swift */ = {isa = PBXFileReference; lastKnownFileType = sourcecode.swift; path = ContentView.swift; sourceTree = "<group>"; };
		797BE15228C3E5DD005C6E1F /* Assets.xcassets */ = {isa = PBXFileReference; lastKnownFileType = folder.assetcatalog; path = Assets.xcassets; sourceTree = "<group>"; };
		797BE15528C3E5DD005C6E1F /* Preview Assets.xcassets */ = {isa = PBXFileReference; lastKnownFileType = folder.assetcatalog; path = "Preview Assets.xcassets"; sourceTree = "<group>"; };
		797BE15D28C3EA58005C6E1F /* Product.swift */ = {isa = PBXFileReference; lastKnownFileType = sourcecode.swift; path = Product.swift; sourceTree = "<group>"; };
		797BE16028C3EBFB005C6E1F /* ProductCard.swift */ = {isa = PBXFileReference; lastKnownFileType = sourcecode.swift; path = ProductCard.swift; sourceTree = "<group>"; };
		797BE16328C3FF90005C6E1F /* CartButton.swift */ = {isa = PBXFileReference; lastKnownFileType = sourcecode.swift; path = CartButton.swift; sourceTree = "<group>"; };
		797BE16528C40A46005C6E1F /* CartView.swift */ = {isa = PBXFileReference; lastKnownFileType = sourcecode.swift; path = CartView.swift; sourceTree = "<group>"; };
		797BE16728C40C92005C6E1F /* CartManager.swift */ = {isa = PBXFileReference; lastKnownFileType = sourcecode.swift; path = CartManager.swift; sourceTree = "<group>"; };
		797BE16928C41146005C6E1F /* ProductRow.swift */ = {isa = PBXFileReference; lastKnownFileType = sourcecode.swift; path = ProductRow.swift; sourceTree = "<group>"; };
		797BE16B28C41967005C6E1F /* PaymentButton.swift */ = {isa = PBXFileReference; lastKnownFileType = sourcecode.swift; path = PaymentButton.swift; sourceTree = "<group>"; };
		797BE16D28C428C0005C6E1F /* PaymentHandler.swift */ = {isa = PBXFileReference; lastKnownFileType = sourcecode.swift; path = PaymentHandler.swift; sourceTree = "<group>"; };
/* End PBXFileReference section */

/* Begin PBXFrameworksBuildPhase section */
		797BE14828C3E5D1005C6E1F /* Frameworks */ = {
			isa = PBXFrameworksBuildPhase;
			buildActionMask = 2147483647;
			files = (
			);
			runOnlyForDeploymentPostprocessing = 0;
		};
/* End PBXFrameworksBuildPhase section */

/* Begin PBXGroup section */
		797BE14228C3E5D1005C6E1F = {
			isa = PBXGroup;
			children = (
				797BE14D28C3E5D2005C6E1F /* MaiaVintageDemo */,
				797BE14C28C3E5D2005C6E1F /* Products */,
			);
			sourceTree = "<group>";
		};
		797BE14C28C3E5D2005C6E1F /* Products */ = {
			isa = PBXGroup;
			children = (
				797BE14B28C3E5D2005C6E1F /* MaiaVintageDemo.app */,
			);
			name = Products;
			sourceTree = "<group>";
		};
		797BE14D28C3E5D2005C6E1F /* MaiaVintageDemo */ = {
			isa = PBXGroup;
			children = (
				797BE14E28C3E5D2005C6E1F /* MaiaVintageDemoApp.swift */,
				797BE16228C3FA88005C6E1F /* Views */,
				797BE15F28C3EBD1005C6E1F /* Components */,
				797BE15C28C3EA2A005C6E1F /* Models */,
				797BE15228C3E5DD005C6E1F /* Assets.xcassets */,
				797BE15428C3E5DD005C6E1F /* Preview Content */,
				797BE16728C40C92005C6E1F /* CartManager.swift */,
				797BE16D28C428C0005C6E1F /* PaymentHandler.swift */,
			);
			path = MaiaVintageDemo;
			sourceTree = "<group>";
		};
		797BE15428C3E5DD005C6E1F /* Preview Content */ = {
			isa = PBXGroup;
			children = (
				797BE15528C3E5DD005C6E1F /* Preview Assets.xcassets */,
			);
			path = "Preview Content";
			sourceTree = "<group>";
		};
		797BE15C28C3EA2A005C6E1F /* Models */ = {
			isa = PBXGroup;
			children = (
				797BE15D28C3EA58005C6E1F /* Product.swift */,
			);
			path = Models;
			sourceTree = "<group>";
		};
		797BE15F28C3EBD1005C6E1F /* Components */ = {
			isa = PBXGroup;
			children = (
				797BE16028C3EBFB005C6E1F /* ProductCard.swift */,
				797BE16328C3FF90005C6E1F /* CartButton.swift */,
				797BE16928C41146005C6E1F /* ProductRow.swift */,
				797BE16B28C41967005C6E1F /* PaymentButton.swift */,
			);
			path = Components;
			sourceTree = "<group>";
		};
		797BE16228C3FA88005C6E1F /* Views */ = {
			isa = PBXGroup;
			children = (
				797BE15028C3E5D2005C6E1F /* ContentView.swift */,
				797BE16528C40A46005C6E1F /* CartView.swift */,
			);
			path = Views;
			sourceTree = "<group>";
		};
/* End PBXGroup section */

/* Begin PBXNativeTarget section */
		797BE14A28C3E5D1005C6E1F /* MaiaVintageDemo */ = {
			isa = PBXNativeTarget;
			buildConfigurationList = 797BE15928C3E5DD005C6E1F /* Build configuration list for PBXNativeTarget "MaiaVintageDemo" */;
			buildPhases = (
				797BE14728C3E5D1005C6E1F /* Sources */,
				797BE14828C3E5D1005C6E1F /* Frameworks */,
				797BE14928C3E5D1005C6E1F /* Resources */,
			);
			buildRules = (
			);
			dependencies = (
			);
			name = MaiaVintageDemo;
			productName = MaiaVintageDemo;
			productReference = 797BE14B28C3E5D2005C6E1F /* MaiaVintageDemo.app */;
			productType = "com.apple.product-type.application";
		};
/* End PBXNativeTarget section */

/* Begin PBXProject section */
		797BE14328C3E5D1005C6E1F /* Project object */ = {
			isa = PBXProject;
			attributes = {
				BuildIndependentTargetsInParallel = 1;
				LastSwiftUpdateCheck = 1340;
				LastUpgradeCheck = 1340;
				TargetAttributes = {
					797BE14A28C3E5D1005C6E1F = {
						CreatedOnToolsVersion = 13.4.1;
					};
				};
			};
			buildConfigurationList = 797BE14628C3E5D1005C6E1F /* Build configuration list for PBXProject "MaiaVintageDemo" */;
			compatibilityVersion = "Xcode 13.0";
			developmentRegion = en;
			hasScannedForEncodings = 0;
			knownRegions = (
				en,
				Base,
			);
			mainGroup = 797BE14228C3E5D1005C6E1F;
			productRefGroup = 797BE14C28C3E5D2005C6E1F /* Products */;
			projectDirPath = "";
			projectRoot = "";
			targets = (
				797BE14A28C3E5D1005C6E1F /* MaiaVintageDemo */,
			);
		};
/* End PBXProject section */

/* Begin PBXResourcesBuildPhase section */
		797BE14928C3E5D1005C6E1F /* Resources */ = {
			isa = PBXResourcesBuildPhase;
			buildActionMask = 2147483647;
			files = (
				797BE15628C3E5DD005C6E1F /* Preview Assets.xcassets in Resources */,
				797BE15328C3E5DD005C6E1F /* Assets.xcassets in Resources */,
			);
			runOnlyForDeploymentPostprocessing = 0;
		};
/* End PBXResourcesBuildPhase section */

/* Begin PBXSourcesBuildPhase section */
		797BE14728C3E5D1005C6E1F /* Sources */ = {
			isa = PBXSourcesBuildPhase;
			buildActionMask = 2147483647;
			files = (
				797BE16C28C41967005C6E1F /* PaymentButton.swift in Sources */,
				797BE16E28C428C0005C6E1F /* PaymentHandler.swift in Sources */,
				797BE16628C40A46005C6E1F /* CartView.swift in Sources */,
				797BE15128C3E5D2005C6E1F /* ContentView.swift in Sources */,
				797BE16828C40C92005C6E1F /* CartManager.swift in Sources */,
				797BE14F28C3E5D2005C6E1F /* MaiaVintageDemoApp.swift in Sources */,
				797BE16A28C41146005C6E1F /* ProductRow.swift in Sources */,
				797BE15E28C3EA58005C6E1F /* Product.swift in Sources */,
				797BE16128C3EBFB005C6E1F /* ProductCard.swift in Sources */,
				797BE16428C3FF90005C6E1F /* CartButton.swift in Sources */,
			);
			runOnlyForDeploymentPostprocessing = 0;
		};
/* End PBXSourcesBuildPhase section */

/* Begin XCBuildConfiguration section */
		797BE15728C3E5DD005C6E1F /* Debug */ = {
			isa = XCBuildConfiguration;
			buildSettings = {
				ALWAYS_SEARCH_USER_PATHS = NO;
				CLANG_ANALYZER_NONNULL = YES;
				CLANG_ANALYZER_NUMBER_OBJECT_CONVERSION = YES_AGGRESSIVE;
				CLANG_CXX_LANGUAGE_STANDARD = "gnu++17";
				CLANG_ENABLE_MODULES = YES;
				CLANG_ENABLE_OBJC_ARC = YES;
				CLANG_ENABLE_OBJC_WEAK = YES;
				CLANG_WARN_BLOCK_CAPTURE_AUTORELEASING = YES;
				CLANG_WARN_BOOL_CONVERSION = YES;
				CLANG_WARN_COMMA = YES;
				CLANG_WARN_CONSTANT_CONVERSION = YES;
				CLANG_WARN_DEPRECATED_OBJC_IMPLEMENTATIONS = YES;
				CLANG_WARN_DIRECT_OBJC_ISA_USAGE = YES_ERROR;
				CLANG_WARN_DOCUMENTATION_COMMENTS = YES;
				CLANG_WARN_EMPTY_BODY = YES;
				CLANG_WARN_ENUM_CONVERSION = YES;
				CLANG_WARN_INFINITE_RECURSION = YES;
				CLANG_WARN_INT_CONVERSION = YES;
				CLANG_WARN_NON_LITERAL_NULL_CONVERSION = YES;
				CLANG_WARN_OBJC_IMPLICIT_RETAIN_SELF = YES;
				CLANG_WARN_OBJC_LITERAL_CONVERSION = YES;
				CLANG_WARN_OBJC_ROOT_CLASS = YES_ERROR;
				CLANG_WARN_QUOTED_INCLUDE_IN_FRAMEWORK_HEADER = YES;
				CLANG_WARN_RANGE_LOOP_ANALYSIS = YES;
				CLANG_WARN_STRICT_PROTOTYPES = YES;
				CLANG_WARN_SUSPICIOUS_MOVE = YES;
				CLANG_WARN_UNGUARDED_AVAILABILITY = YES_AGGRESSIVE;
				CLANG_WARN_UNREACHABLE_CODE = YES;
				CLANG_WARN__DUPLICATE_METHOD_MATCH = YES;
				COPY_PHASE_STRIP = NO;
				DEBUG_INFORMATION_FORMAT = dwarf;
				ENABLE_STRICT_OBJC_MSGSEND = YES;
				ENABLE_TESTABILITY = YES;
				GCC_C_LANGUAGE_STANDARD = gnu11;
				GCC_DYNAMIC_NO_PIC = NO;
				GCC_NO_COMMON_BLOCKS = YES;
				GCC_OPTIMIZATION_LEVEL = 0;
				GCC_PREPROCESSOR_DEFINITIONS = (
					"DEBUG=1",
					"$(inherited)",
				);
				GCC_WARN_64_TO_32_BIT_CONVERSION = YES;
				GCC_WARN_ABOUT_RETURN_TYPE = YES_ERROR;
				GCC_WARN_UNDECLARED_SELECTOR = YES;
				GCC_WARN_UNINITIALIZED_AUTOS = YES_AGGRESSIVE;
				GCC_WARN_UNUSED_FUNCTION = YES;
				GCC_WARN_UNUSED_VARIABLE = YES;
				IPHONEOS_DEPLOYMENT_TARGET = 15.5;
				MTL_ENABLE_DEBUG_INFO = INCLUDE_SOURCE;
				MTL_FAST_MATH = YES;
				ONLY_ACTIVE_ARCH = YES;
				SDKROOT = iphoneos;
				SWIFT_ACTIVE_COMPILATION_CONDITIONS = DEBUG;
				SWIFT_OPTIMIZATION_LEVEL = "-Onone";
			};
			name = Debug;
		};
		797BE15828C3E5DD005C6E1F /* Release */ = {
			isa = XCBuildConfiguration;
			buildSettings = {
				ALWAYS_SEARCH_USER_PATHS = NO;
				CLANG_ANALYZER_NONNULL = YES;
				CLANG_ANALYZER_NUMBER_OBJECT_CONVERSION = YES_AGGRESSIVE;
				CLANG_CXX_LANGUAGE_STANDARD = "gnu++17";
				CLANG_ENABLE_MODULES = YES;
				CLANG_ENABLE_OBJC_ARC = YES;
				CLANG_ENABLE_OBJC_WEAK = YES;
				CLANG_WARN_BLOCK_CAPTURE_AUTORELEASING = YES;
				CLANG_WARN_BOOL_CONVERSION = YES;
				CLANG_WARN_COMMA = YES;
				CLANG_WARN_CONSTANT_CONVERSION = YES;
				CLANG_WARN_DEPRECATED_OBJC_IMPLEMENTATIONS = YES;
				CLANG_WARN_DIRECT_OBJC_ISA_USAGE = YES_ERROR;
				CLANG_WARN_DOCUMENTATION_COMMENTS = YES;
				CLANG_WARN_EMPTY_BODY = YES;
				CLANG_WARN_ENUM_CONVERSION = YES;
				CLANG_WARN_INFINITE_RECURSION = YES;
				CLANG_WARN_INT_CONVERSION = YES;
				CLANG_WARN_NON_LITERAL_NULL_CONVERSION = YES;
				CLANG_WARN_OBJC_IMPLICIT_RETAIN_SELF = YES;
				CLANG_WARN_OBJC_LITERAL_CONVERSION = YES;
				CLANG_WARN_OBJC_ROOT_CLASS = YES_ERROR;
				CLANG_WARN_QUOTED_INCLUDE_IN_FRAMEWORK_HEADER = YES;
				CLANG_WARN_RANGE_LOOP_ANALYSIS = YES;
				CLANG_WARN_STRICT_PROTOTYPES = YES;
				CLANG_WARN_SUSPICIOUS_MOVE = YES;
				CLANG_WARN_UNGUARDED_AVAILABILITY = YES_AGGRESSIVE;
				CLANG_WARN_UNREACHABLE_CODE = YES;
				CLANG_WARN__DUPLICATE_METHOD_MATCH = YES;
				COPY_PHASE_STRIP = NO;
				DEBUG_INFORMATION_FORMAT = "dwarf-with-dsym";
				ENABLE_NS_ASSERTIONS = NO;
				ENABLE_STRICT_OBJC_MSGSEND = YES;
				GCC_C_LANGUAGE_STANDARD = gnu11;
				GCC_NO_COMMON_BLOCKS = YES;
				GCC_WARN_64_TO_32_BIT_CONVERSION = YES;
				GCC_WARN_ABOUT_RETURN_TYPE = YES_ERROR;
				GCC_WARN_UNDECLARED_SELECTOR = YES;
				GCC_WARN_UNINITIALIZED_AUTOS = YES_AGGRESSIVE;
				GCC_WARN_UNUSED_FUNCTION = YES;
				GCC_WARN_UNUSED_VARIABLE = YES;
				IPHONEOS_DEPLOYMENT_TARGET = 15.5;
				MTL_ENABLE_DEBUG_INFO = NO;
				MTL_FAST_MATH = YES;
				SDKROOT = iphoneos;
				SWIFT_COMPILATION_MODE = wholemodule;
				SWIFT_OPTIMIZATION_LEVEL = "-O";
				VALIDATE_PRODUCT = YES;
			};
			name = Release;
		};
		797BE15A28C3E5DD005C6E1F /* Debug */ = {
			isa = XCBuildConfiguration;
			buildSettings = {
				ASSETCATALOG_COMPILER_APPICON_NAME = AppIcon;
				ASSETCATALOG_COMPILER_GLOBAL_ACCENT_COLOR_NAME = AccentColor;
				CODE_SIGN_STYLE = Automatic;
				CURRENT_PROJECT_VERSION = 1;
				DEVELOPMENT_ASSET_PATHS = "\"MaiaVintageDemo/Preview Content\"";
				DEVELOPMENT_TEAM = 8R4MBZQ647;
				ENABLE_PREVIEWS = YES;
				GENERATE_INFOPLIST_FILE = YES;
				INFOPLIST_KEY_UIApplicationSceneManifest_Generation = YES;
				INFOPLIST_KEY_UIApplicationSupportsIndirectInputEvents = YES;
				INFOPLIST_KEY_UILaunchScreen_Generation = YES;
				INFOPLIST_KEY_UISupportedInterfaceOrientations_iPad = "UIInterfaceOrientationPortrait UIInterfaceOrientationPortraitUpsideDown UIInterfaceOrientationLandscapeLeft UIInterfaceOrientationLandscapeRight";
				INFOPLIST_KEY_UISupportedInterfaceOrientations_iPhone = "UIInterfaceOrientationPortrait UIInterfaceOrientationLandscapeLeft UIInterfaceOrientationLandscapeRight";
				LD_RUNPATH_SEARCH_PATHS = (
					"$(inherited)",
					"@executable_path/Frameworks",
				);
				MARKETING_VERSION = 1.0;
				PRODUCT_BUNDLE_IDENTIFIER = com.victoriaorlanemaia.MaiaVintageDemo;
				PRODUCT_NAME = "$(TARGET_NAME)";
				SWIFT_EMIT_LOC_STRINGS = YES;
				SWIFT_VERSION = 5.0;
				TARGETED_DEVICE_FAMILY = "1,2";
			};
			name = Debug;
		};
		797BE15B28C3E5DD005C6E1F /* Release */ = {
			isa = XCBuildConfiguration;
			buildSettings = {
				ASSETCATALOG_COMPILER_APPICON_NAME = AppIcon;
				ASSETCATALOG_COMPILER_GLOBAL_ACCENT_COLOR_NAME = AccentColor;
				CODE_SIGN_STYLE = Automatic;
				CURRENT_PROJECT_VERSION = 1;
				DEVELOPMENT_ASSET_PATHS = "\"MaiaVintageDemo/Preview Content\"";
				DEVELOPMENT_TEAM = 8R4MBZQ647;
				ENABLE_PREVIEWS = YES;
				GENERATE_INFOPLIST_FILE = YES;
				INFOPLIST_KEY_UIApplicationSceneManifest_Generation = YES;
				INFOPLIST_KEY_UIApplicationSupportsIndirectInputEvents = YES;
				INFOPLIST_KEY_UILaunchScreen_Generation = YES;
				INFOPLIST_KEY_UISupportedInterfaceOrientations_iPad = "UIInterfaceOrientationPortrait UIInterfaceOrientationPortraitUpsideDown UIInterfaceOrientationLandscapeLeft UIInterfaceOrientationLandscapeRight";
				INFOPLIST_KEY_UISupportedInterfaceOrientations_iPhone = "UIInterfaceOrientationPortrait UIInterfaceOrientationLandscapeLeft UIInterfaceOrientationLandscapeRight";
				LD_RUNPATH_SEARCH_PATHS = (
					"$(inherited)",
					"@executable_path/Frameworks",
				);
				MARKETING_VERSION = 1.0;
				PRODUCT_BUNDLE_IDENTIFIER = com.victoriaorlanemaia.MaiaVintageDemo;
				PRODUCT_NAME = "$(TARGET_NAME)";
				SWIFT_EMIT_LOC_STRINGS = YES;
				SWIFT_VERSION = 5.0;
				TARGETED_DEVICE_FAMILY = "1,2";
			};
			name = Release;
		};
/* End XCBuildConfiguration section */

/* Begin XCConfigurationList section */
		797BE14628C3E5D1005C6E1F /* Build configuration list for PBXProject "MaiaVintageDemo" */ = {
			isa = XCConfigurationList;
			buildConfigurations = (
				797BE15728C3E5DD005C6E1F /* Debug */,
				797BE15828C3E5DD005C6E1F /* Release */,
			);
			defaultConfigurationIsVisible = 0;
			defaultConfigurationName = Release;
		};
		797BE15928C3E5DD005C6E1F /* Build configuration list for PBXNativeTarget "MaiaVintageDemo" */ = {
			isa = XCConfigurationList;
			buildConfigurations = (
				797BE15A28C3E5DD005C6E1F /* Debug */,
				797BE15B28C3E5DD005C6E1F /* Release */,
			);
			defaultConfigurationIsVisible = 0;
			defaultConfigurationName = Release;
		};
/* End XCConfigurationList section */
	};
	rootObject = 797BE14328C3E5D1005C6E1F /* Project object */;
}
